
Microsoft Visual Studio Solution File, Format Version 12.00
# Visual Studio Version 17
VisualStudioVersion = 17.4.33122.133
MinimumVisualStudioVersion = 10.0.40219.1
Project("{FAE04EC0-301F-11D3-BF4B-00C04F79EFBC}") = "LaunchElectionDay", "LaunchElectionDay\LaunchElectionDay.csproj", "{6ED9F398-8A7E-4BB6-A7E6-76C061E4B9CA}"
EndProject
Global
	GlobalSection(SolutionConfigurationPlatforms) = preSolution
		Debug|Any CPU = Debug|Any CPU
		Release|Any CPU = Release|Any CPU
	EndGlobalSection
	GlobalSection(ProjectConfigurationPlatforms) = postSolution
		{6ED9F398-8A7E-4BB6-A7E6-76C061E4B9CA}.Debug|Any CPU.ActiveCfg = Debug|Any CPU
		{6ED9F398-8A7E-4BB6-A7E6-76C061E4B9CA}.Debug|Any CPU.Build.0 = Debug|Any CPU
		{6ED9F398-8A7E-4BB6-A7E6-76C061E4B9CA}.Release|Any CPU.ActiveCfg = Release|Any CPU
		{6ED9F398-8A7E-4BB6-A7E6-76C061E4B9CA}.Release|Any CPU.Build.0 = Release|Any CPU
	EndGlobalSection
	GlobalSection(SolutionProperties) = preSolution
		HideSolutionNode = FALSE
	EndGlobalSection
	GlobalSection(ExtensibilityGlobals) = postSolution
		SolutionGuid = {A62A446F-E5B9-4006-9809-99D409BEB04A}
	EndGlobalSection
EndGlobal
